Microsoft Visual Studio Solution File, Format Version 12.00
# Visual Studio Version 17
VisualStudioVersion = 17.11.35208.52
MinimumVisualStudioVersion = 10.0.40219.1
Project("{9A19103F-16F7-4668-BE54-9A1E7A4F7556}") = "Money.Aspire.AppHost", "Money.Aspire.AppHost\Money.Aspire.AppHost.csproj", "{30243B3E-DBF0-41DF-B925-3B410EF628B7}"
EndProject
Project("{2150E333-8FDC-42A3-9474-1A3956D46DE8}") = "backend", "backend", "{FD4B84D1-AFC5-4F55-8832-64883493A327}"
EndProject
Project("{9A19103F-16F7-4668-BE54-9A1E7A4F7556}") = "Money.Api", "..\backend\Money.Api\Money.Api.csproj", "{987601E9-6F6D-4E28-AE3E-98A778E13340}"
EndProject
Project("{9A19103F-16F7-4668-BE54-9A1E7A4F7556}") = "Money.ApiClient", "..\backend\Money.ApiClient\Money.ApiClient.csproj", "{91A42589-C744-416B-819C-A7B6F386C02F}"
EndProject
Project("{9A19103F-16F7-4668-BE54-9A1E7A4F7556}") = "Money.Business", "..\backend\Money.Business\Money.Business.csproj", "{1E852510-1C09-4433-8368-A8786D0DBF45}"
EndProject
Project("{9A19103F-16F7-4668-BE54-9A1E7A4F7556}") = "Money.Common", "..\backend\Money.Common\Money.Common.csproj", "{6879F54B-2C2F-4ABB-9CC8-D796A7E1122D}"
EndProject
Project("{9A19103F-16F7-4668-BE54-9A1E7A4F7556}") = "Money.Data", "..\backend\Money.Data\Money.Data.csproj", "{75522595-A18A-4CB0-8DA7-156B87757977}"
EndProject
Project("{2150E333-8FDC-42A3-9474-1A3956D46DE8}") = "frontend", "frontend", "{100AA6E7-8C1F-4EBF-833D-50B3BD007613}"
EndProject
Project("{9A19103F-16F7-4668-BE54-9A1E7A4F7556}") = "Money.Web", "..\frontend\Money.Web\Money.Web.csproj", "{3E15DECC-CD05-48BC-ADEC-25C17E437AE7}"
EndProject
Project("{2150E333-8FDC-42A3-9474-1A3956D46DE8}") = "tests", "tests", "{AFB3481F-13DA-46CE-ABD6-4CB1A7697FF6}"
EndProject
Project("{9A19103F-16F7-4668-BE54-9A1E7A4F7556}") = "Money.CoreLib", "..\libs\Money.CoreLib\Money.CoreLib.csproj", "{9658CB7E-8D15-4596-A4D9-A4109C463C67}"
EndProject
Project("{9A19103F-16F7-4668-BE54-9A1E7A4F7556}") = "Money.WebAssembly.CoreLib", "..\libs\Money.WebAssembly.CoreLib\Money.WebAssembly.CoreLib.csproj", "{55CB1FA4-0985-4458-8D9B-6FA303BFB606}"
EndProject
Project("{9A19103F-16F7-4668-BE54-9A1E7A4F7556}") = "Money.Api.Tests", "..\backend\Money.Api.Tests\Money.Api.Tests.csproj", "{0370C976-1E5B-4DE4-A65D-31B42169F69A}"
EndProject
Project("{9A19103F-16F7-4668-BE54-9A1E7A4F7556}") = "Money.Api.Constracts", "..\backend\Money.Api.Constracts\Money.Api.Constracts.csproj", "{BFE31AB5-381E-4629-9511-4F855C54C39C}"
EndProject
Global
	GlobalSection(SolutionConfigurationPlatforms) = preSolution
		Debug|Any CPU = Debug|Any CPU
		Release|Any CPU = Release|Any CPU
	EndGlobalSection
	GlobalSection(ProjectConfigurationPlatforms) = postSolution
		{30243B3E-DBF0-41DF-B925-3B410EF628B7}.Debug|Any CPU.ActiveCfg = Debug|Any CPU
		{30243B3E-DBF0-41DF-B925-3B410EF628B7}.Debug|Any CPU.Build.0 = Debug|Any CPU
		{30243B3E-DBF0-41DF-B925-3B410EF628B7}.Release|Any CPU.ActiveCfg = Release|Any CPU
		{30243B3E-DBF0-41DF-B925-3B410EF628B7}.Release|Any CPU.Build.0 = Release|Any CPU
		{987601E9-6F6D-4E28-AE3E-98A778E13340}.Debug|Any CPU.ActiveCfg = Debug|Any CPU
		{987601E9-6F6D-4E28-AE3E-98A778E13340}.Debug|Any CPU.Build.0 = Debug|Any CPU
		{987601E9-6F6D-4E28-AE3E-98A778E13340}.Release|Any CPU.ActiveCfg = Release|Any CPU
		{987601E9-6F6D-4E28-AE3E-98A778E13340}.Release|Any CPU.Build.0 = Release|Any CPU
		{91A42589-C744-416B-819C-A7B6F386C02F}.Debug|Any CPU.ActiveCfg = Debug|Any CPU
		{91A42589-C744-416B-819C-A7B6F386C02F}.Debug|Any CPU.Build.0 = Debug|Any CPU
		{91A42589-C744-416B-819C-A7B6F386C02F}.Release|Any CPU.ActiveCfg = Release|Any CPU
		{91A42589-C744-416B-819C-A7B6F386C02F}.Release|Any CPU.Build.0 = Release|Any CPU
		{1E852510-1C09-4433-8368-A8786D0DBF45}.Debug|Any CPU.ActiveCfg = Debug|Any CPU
		{1E852510-1C09-4433-8368-A8786D0DBF45}.Debug|Any CPU.Build.0 = Debug|Any CPU
		{1E852510-1C09-4433-8368-A8786D0DBF45}.Release|Any CPU.ActiveCfg = Release|Any CPU
		{1E852510-1C09-4433-8368-A8786D0DBF45}.Release|Any CPU.Build.0 = Release|Any CPU
		{6879F54B-2C2F-4ABB-9CC8-D796A7E1122D}.Debug|Any CPU.ActiveCfg = Debug|Any CPU
		{6879F54B-2C2F-4ABB-9CC8-D796A7E1122D}.Debug|Any CPU.Build.0 = Debug|Any CPU
		{6879F54B-2C2F-4ABB-9CC8-D796A7E1122D}.Release|Any CPU.ActiveCfg = Release|Any CPU
		{6879F54B-2C2F-4ABB-9CC8-D796A7E1122D}.Release|Any CPU.Build.0 = Release|Any CPU
		{75522595-A18A-4CB0-8DA7-156B87757977}.Debug|Any CPU.ActiveCfg = Debug|Any CPU
		{75522595-A18A-4CB0-8DA7-156B87757977}.Debug|Any CPU.Build.0 = Debug|Any CPU
		{75522595-A18A-4CB0-8DA7-156B87757977}.Release|Any CPU.ActiveCfg = Release|Any CPU
		{75522595-A18A-4CB0-8DA7-156B87757977}.Release|Any CPU.Build.0 = Release|Any CPU
		{3E15DECC-CD05-48BC-ADEC-25C17E437AE7}.Debug|Any CPU.ActiveCfg = Debug|Any CPU
		{3E15DECC-CD05-48BC-ADEC-25C17E437AE7}.Debug|Any CPU.Build.0 = Debug|Any CPU
		{3E15DECC-CD05-48BC-ADEC-25C17E437AE7}.Release|Any CPU.ActiveCfg = Release|Any CPU
		{3E15DECC-CD05-48BC-ADEC-25C17E437AE7}.Release|Any CPU.Build.0 = Release|Any CPU
		{9658CB7E-8D15-4596-A4D9-A4109C463C67}.Debug|Any CPU.ActiveCfg = Debug|Any CPU
		{9658CB7E-8D15-4596-A4D9-A4109C463C67}.Debug|Any CPU.Build.0 = Debug|Any CPU
		{9658CB7E-8D15-4596-A4D9-A4109C463C67}.Release|Any CPU.ActiveCfg = Release|Any CPU
		{9658CB7E-8D15-4596-A4D9-A4109C463C67}.Release|Any CPU.Build.0 = Release|Any CPU
		{55CB1FA4-0985-4458-8D9B-6FA303BFB606}.Debug|Any CPU.ActiveCfg = Debug|Any CPU
		{55CB1FA4-0985-4458-8D9B-6FA303BFB606}.Debug|Any CPU.Build.0 = Debug|Any CPU
		{55CB1FA4-0985-4458-8D9B-6FA303BFB606}.Release|Any CPU.ActiveCfg = Release|Any CPU
		{55CB1FA4-0985-4458-8D9B-6FA303BFB606}.Release|Any CPU.Build.0 = Release|Any CPU
		{0370C976-1E5B-4DE4-A65D-31B42169F69A}.Debug|Any CPU.ActiveCfg = Debug|Any CPU
		{0370C976-1E5B-4DE4-A65D-31B42169F69A}.Debug|Any CPU.Build.0 = Debug|Any CPU
		{0370C976-1E5B-4DE4-A65D-31B42169F69A}.Release|Any CPU.ActiveCfg = Release|Any CPU
		{0370C976-1E5B-4DE4-A65D-31B42169F69A}.Release|Any CPU.Build.0 = Release|Any CPU
		{BFE31AB5-381E-4629-9511-4F855C54C39C}.Debug|Any CPU.ActiveCfg = Debug|Any CPU
		{BFE31AB5-381E-4629-9511-4F855C54C39C}.Debug|Any CPU.Build.0 = Debug|Any CPU
		{BFE31AB5-381E-4629-9511-4F855C54C39C}.Release|Any CPU.ActiveCfg = Release|Any CPU
		{BFE31AB5-381E-4629-9511-4F855C54C39C}.Release|Any CPU.Build.0 = Release|Any CPU
	EndGlobalSection
	GlobalSection(SolutionProperties) = preSolution
		HideSolutionNode = FALSE
	EndGlobalSection
	GlobalSection(NestedProjects) = preSolution
		{987601E9-6F6D-4E28-AE3E-98A778E13340} = {FD4B84D1-AFC5-4F55-8832-64883493A327}
		{1E852510-1C09-4433-8368-A8786D0DBF45} = {FD4B84D1-AFC5-4F55-8832-64883493A327}
		{6879F54B-2C2F-4ABB-9CC8-D796A7E1122D} = {FD4B84D1-AFC5-4F55-8832-64883493A327}
		{75522595-A18A-4CB0-8DA7-156B87757977} = {FD4B84D1-AFC5-4F55-8832-64883493A327}
		{3E15DECC-CD05-48BC-ADEC-25C17E437AE7} = {100AA6E7-8C1F-4EBF-833D-50B3BD007613}
		{0370C976-1E5B-4DE4-A65D-31B42169F69A} = {AFB3481F-13DA-46CE-ABD6-4CB1A7697FF6}
		{BFE31AB5-381E-4629-9511-4F855C54C39C} = {FD4B84D1-AFC5-4F55-8832-64883493A327}
	EndGlobalSection
	GlobalSection(ExtensibilityGlobals) = postSolution
		SolutionGuid = {760EC233-46EC-4056-8F5D-EBF4C02653BB}
	EndGlobalSection
EndGlobal
